// !$*UTF8*$!
{
	archiveVersion = 1;
	classes = {
	};
	objectVersion = 50;
	objects = {

/* Begin PBXBuildFile section */
		47D6E2F72328059D002A4FBF /* controlflowops.c in Sources */ = {isa = PBXBuildFile; fileRef = 47D6E2F62328059D002A4FBF /* controlflowops.c */; };
		6D2492702331417900AF6D31 /* operators.c in Sources */ = {isa = PBXBuildFile; fileRef = 6D24926F2331417900AF6D31 /* operators.c */; };
		6DD494CF2322B7F0006720F1 /* structures.c in Sources */ = {isa = PBXBuildFile; fileRef = 6DD494CE2322B7F0006720F1 /* structures.c */; };
		82349F9E2320151300BB354F /* main.c in Sources */ = {isa = PBXBuildFile; fileRef = 82349F9D2320151300BB354F /* main.c */; };
		A22EF86A2322B5C20023794E /* devopsGit.c in Sources */ = {isa = PBXBuildFile; fileRef = A22EF8692322B5C20023794E /* devopsGit.c */; };
		C2FFAF912326A42A00557012 /* productowners.c in Sources */ = {isa = PBXBuildFile; fileRef = C2FFAF902326A42A00557012 /* productowners.c */; };
/* End PBXBuildFile section */

/* Begin PBXCopyFilesBuildPhase section */
		82349F982320151300BB354F /* CopyFiles */ = {
			isa = PBXCopyFilesBuildPhase;
			buildActionMask = 2147483647;
			dstPath = /usr/share/man/man1/;
			dstSubfolderSpec = 0;
			files = (
			);
			runOnlyForDeploymentPostprocessing = 1;
		};
/* End PBXCopyFilesBuildPhase section */

/* Begin PBXFileReference section */
		47D6E2F52328059D002A4FBF /* controlflowops.h */ = {isa = PBXFileReference; lastKnownFileType = sourcecode.c.h; path = controlflowops.h; sourceTree = "<group>"; };
		47D6E2F62328059D002A4FBF /* controlflowops.c */ = {isa = PBXFileReference; lastKnownFileType = sourcecode.c.c; path = controlflowops.c; sourceTree = "<group>"; };
		6D24926E2331417900AF6D31 /* operators.h */ = {isa = PBXFileReference; lastKnownFileType = sourcecode.c.h; path = operators.h; sourceTree = "<group>"; };
		6D24926F2331417900AF6D31 /* operators.c */ = {isa = PBXFileReference; lastKnownFileType = sourcecode.c.c; path = operators.c; sourceTree = "<group>"; };
		6DD494CD2322B7F0006720F1 /* structures.h */ = {isa = PBXFileReference; lastKnownFileType = sourcecode.c.h; path = structures.h; sourceTree = "<group>"; };
		6DD494CE2322B7F0006720F1 /* structures.c */ = {isa = PBXFileReference; lastKnownFileType = sourcecode.c.c; path = structures.c; sourceTree = "<group>"; };
		82349F9A2320151300BB354F /* midTermTest */ = {isa = PBXFileReference; explicitFileType = "compiled.mach-o.executable"; includeInIndex = 0; path = midTermTest; sourceTree = BUILT_PRODUCTS_DIR; };
		82349F9D2320151300BB354F /* main.c */ = {isa = PBXFileReference; lastKnownFileType = sourcecode.c.c; path = main.c; sourceTree = "<group>"; };
		A22EF8682322B5C20023794E /* devopsGit.h */ = {isa = PBXFileReference; lastKnownFileType = sourcecode.c.h; path = devopsGit.h; sourceTree = "<group>"; };
		A22EF8692322B5C20023794E /* devopsGit.c */ = {isa = PBXFileReference; lastKnownFileType = sourcecode.c.c; path = devopsGit.c; sourceTree = "<group>"; };
		C2FFAF8F2326A42A00557012 /* productowners.h */ = {isa = PBXFileReference; lastKnownFileType = sourcecode.c.h; path = productowners.h; sourceTree = "<group>"; };
		C2FFAF902326A42A00557012 /* productowners.c */ = {isa = PBXFileReference; lastKnownFileType = sourcecode.c.c; path = productowners.c; sourceTree = "<group>"; };
/* End PBXFileReference section */

/* Begin PBXFrameworksBuildPhase section */
		82349F972320151300BB354F /* Frameworks */ = {
			isa = PBXFrameworksBuildPhase;
			buildActionMask = 2147483647;
			files = (
			);
			runOnlyForDeploymentPostprocessing = 0;
		};
/* End PBXFrameworksBuildPhase section */

/* Begin PBXGroup section */
		82349F912320151300BB354F = {
			isa = PBXGroup;
			children = (
				82349F9C2320151300BB354F /* midTermTest */,
				82349F9B2320151300BB354F /* Products */,
			);
			sourceTree = "<group>";
		};
		82349F9B2320151300BB354F /* Products */ = {
			isa = PBXGroup;
			children = (
				82349F9A2320151300BB354F /* midTermTest */,
			);
			name = Products;
			sourceTree = "<group>";
		};
		82349F9C2320151300BB354F /* midTermTest */ = {
			isa = PBXGroup;
			children = (
				82349F9D2320151300BB354F /* main.c */,
				A22EF8682322B5C20023794E /* devopsGit.h */,
				A22EF8692322B5C20023794E /* devopsGit.c */,
				6DD494CD2322B7F0006720F1 /* structures.h */,
				6DD494CE2322B7F0006720F1 /* structures.c */,
				C2FFAF8F2326A42A00557012 /* productowners.h */,
				C2FFAF902326A42A00557012 /* productowners.c */,
				47D6E2F52328059D002A4FBF /* controlflowops.h */,
				47D6E2F62328059D002A4FBF /* controlflowops.c */,
				6D24926E2331417900AF6D31 /* operators.h */,
				6D24926F2331417900AF6D31 /* operators.c */,
			);
			path = midTermTest;
			sourceTree = "<group>";
		};
/* End PBXGroup section */

/* Begin PBXNativeTarget section */
		82349F992320151300BB354F /* midTermTest */ = {
			isa = PBXNativeTarget;
			buildConfigurationList = 82349FA12320151300BB354F /* Build configuration list for PBXNativeTarget "midTermTest" */;
			buildPhases = (
				82349F962320151300BB354F /* Sources */,
				82349F972320151300BB354F /* Frameworks */,
				82349F982320151300BB354F /* CopyFiles */,
			);
			buildRules = (
			);
			dependencies = (
			);
			name = midTermTest;
			productName = midTermTest;
			productReference = 82349F9A2320151300BB354F /* midTermTest */;
			productType = "com.apple.product-type.tool";
		};
/* End PBXNativeTarget section */

/* Begin PBXProject section */
		82349F922320151300BB354F /* Project object */ = {
			isa = PBXProject;
			attributes = {
				LastUpgradeCheck = 1030;
				ORGANIZATIONNAME = "Szeto, Colin";
				TargetAttributes = {
					82349F992320151300BB354F = {
						CreatedOnToolsVersion = 10.3;
					};
				};
			};
			buildConfigurationList = 82349F952320151300BB354F /* Build configuration list for PBXProject "midTermTest" */;
			compatibilityVersion = "Xcode 9.3";
			developmentRegion = en;
			hasScannedForEncodings = 0;
			knownRegions = (
				en,
			);
			mainGroup = 82349F912320151300BB354F;
			productRefGroup = 82349F9B2320151300BB354F /* Products */;
			projectDirPath = "";
			projectRoot = "";
			targets = (
				82349F992320151300BB354F /* midTermTest */,
			);
		};
/* End PBXProject section */

/* Begin PBXSourcesBuildPhase section */
		82349F962320151300BB354F /* Sources */ = {
			isa = PBXSourcesBuildPhase;
			buildActionMask = 2147483647;
			files = (
				82349F9E2320151300BB354F /* main.c in Sources */,
				A22EF86A2322B5C20023794E /* devopsGit.c in Sources */,
				6DD494CF2322B7F0006720F1 /* structures.c in Sources */,
				6D2492702331417900AF6D31 /* operators.c in Sources */,
				C2FFAF912326A42A00557012 /* productowners.c in Sources */,
				47D6E2F72328059D002A4FBF /* controlflowops.c in Sources */,
			);
			runOnlyForDeploymentPostprocessing = 0;
		};
/* End PBXSourcesBuildPhase section */

/* Begin XCBuildConfiguration section */
		82349F9F2320151300BB354F /* Debug */ = {
			isa = XCBuildConfiguration;
			buildSettings = {
				ALWAYS_SEARCH_USER_PATHS = NO;
				CLANG_ANALYZER_NONNULL = YES;
				CLANG_ANALYZER_NUMBER_OBJECT_CONVERSION = YES_AGGRESSIVE;
				CLANG_CXX_LANGUAGE_STANDARD = "gnu++14";
				CLANG_CXX_LIBRARY = "libc++";
				CLANG_ENABLE_MODULES = YES;
				CLANG_ENABLE_OBJC_ARC = YES;
				CLANG_ENABLE_OBJC_WEAK = YES;
				CLANG_WARN_BLOCK_CAPTURE_AUTORELEASING = YES;
				CLANG_WARN_BOOL_CONVERSION = YES;
				CLANG_WARN_COMMA = YES;
				CLANG_WARN_CONSTANT_CONVERSION = YES;
				CLANG_WARN_DEPRECATED_OBJC_IMPLEMENTATIONS = YES;
				CLANG_WARN_DIRECT_OBJC_ISA_USAGE = YES_ERROR;
				CLANG_WARN_DOCUMENTATION_COMMENTS = YES;
				CLANG_WARN_EMPTY_BODY = YES;
				CLANG_WARN_ENUM_CONVERSION = YES;
				CLANG_WARN_INFINITE_RECURSION = YES;
				CLANG_WARN_INT_CONVERSION = YES;
				CLANG_WARN_NON_LITERAL_NULL_CONVERSION = YES;
				CLANG_WARN_OBJC_IMPLICIT_RETAIN_SELF = YES;
				CLANG_WARN_OBJC_LITERAL_CONVERSION = YES;
				CLANG_WARN_OBJC_ROOT_CLASS = YES_ERROR;
				CLANG_WARN_RANGE_LOOP_ANALYSIS = YES;
				CLANG_WARN_STRICT_PROTOTYPES = YES;
				CLANG_WARN_SUSPICIOUS_MOVE = YES;
				CLANG_WARN_UNGUARDED_AVAILABILITY = YES_AGGRESSIVE;
				CLANG_WARN_UNREACHABLE_CODE = YES;
				CLANG_WARN__DUPLICATE_METHOD_MATCH = YES;
				CODE_SIGN_IDENTITY = "-";
				COPY_PHASE_STRIP = NO;
				DEBUG_INFORMATION_FORMAT = dwarf;
				ENABLE_STRICT_OBJC_MSGSEND = YES;
				ENABLE_TESTABILITY = YES;
				GCC_C_LANGUAGE_STANDARD = gnu11;
				GCC_DYNAMIC_NO_PIC = NO;
				GCC_NO_COMMON_BLOCKS = YES;
				GCC_OPTIMIZATION_LEVEL = 0;
				GCC_PREPROCESSOR_DEFINITIONS = (
					"DEBUG=1",
					"$(inherited)",
				);
				GCC_WARN_64_TO_32_BIT_CONVERSION = YES;
				GCC_WARN_ABOUT_RETURN_TYPE = YES_ERROR;
				GCC_WARN_UNDECLARED_SELECTOR = YES;
				GCC_WARN_UNINITIALIZED_AUTOS = YES_AGGRESSIVE;
				GCC_WARN_UNUSED_FUNCTION = YES;
				GCC_WARN_UNUSED_VARIABLE = YES;
				MACOSX_DEPLOYMENT_TARGET = 10.14;
				MTL_ENABLE_DEBUG_INFO = INCLUDE_SOURCE;
				MTL_FAST_MATH = YES;
				ONLY_ACTIVE_ARCH = YES;
				SDKROOT = macosx;
			};
			name = Debug;
		};
		82349FA02320151300BB354F /* Release */ = {
			isa = XCBuildConfiguration;
			buildSettings = {
				ALWAYS_SEARCH_USER_PATHS = NO;
				CLANG_ANALYZER_NONNULL = YES;
				CLANG_ANALYZER_NUMBER_OBJECT_CONVERSION = YES_AGGRESSIVE;
				CLANG_CXX_LANGUAGE_STANDARD = "gnu++14";
				CLANG_CXX_LIBRARY = "libc++";
				CLANG_ENABLE_MODULES = YES;
				CLANG_ENABLE_OBJC_ARC = YES;
				CLANG_ENABLE_OBJC_WEAK = YES;
				CLANG_WARN_BLOCK_CAPTURE_AUTORELEASING = YES;
				CLANG_WARN_BOOL_CONVERSION = YES;
				CLANG_WARN_COMMA = YES;
				CLANG_WARN_CONSTANT_CONVERSION = YES;
				CLANG_WARN_DEPRECATED_OBJC_IMPLEMENTATIONS = YES;
				CLANG_WARN_DIRECT_OBJC_ISA_USAGE = YES_ERROR;
				CLANG_WARN_DOCUMENTATION_COMMENTS = YES;
				CLANG_WARN_EMPTY_BODY = YES;
				CLANG_WARN_ENUM_CONVERSION = YES;
				CLANG_WARN_INFINITE_RECURSION = YES;
				CLANG_WARN_INT_CONVERSION = YES;
				CLANG_WARN_NON_LITERAL_NULL_CONVERSION = YES;
				CLANG_WARN_OBJC_IMPLICIT_RETAIN_SELF = YES;
				CLANG_WARN_OBJC_LITERAL_CONVERSION = YES;
				CLANG_WARN_OBJC_ROOT_CLASS = YES_ERROR;
				CLANG_WARN_RANGE_LOOP_ANALYSIS = YES;
				CLANG_WARN_STRICT_PROTOTYPES = YES;
				CLANG_WARN_SUSPICIOUS_MOVE = YES;
				CLANG_WARN_UNGUARDED_AVAILABILITY = YES_AGGRESSIVE;
				CLANG_WARN_UNREACHABLE_CODE = YES;
				CLANG_WARN__DUPLICATE_METHOD_MATCH = YES;
				CODE_SIGN_IDENTITY = "-";
				COPY_PHASE_STRIP = NO;
				DEBUG_INFORMATION_FORMAT = "dwarf-with-dsym";
				ENABLE_NS_ASSERTIONS = NO;
				ENABLE_STRICT_OBJC_MSGSEND = YES;
				GCC_C_LANGUAGE_STANDARD = gnu11;
				GCC_NO_COMMON_BLOCKS = YES;
				GCC_WARN_64_TO_32_BIT_CONVERSION = YES;
				GCC_WARN_ABOUT_RETURN_TYPE = YES_ERROR;
				GCC_WARN_UNDECLARED_SELECTOR = YES;
				GCC_WARN_UNINITIALIZED_AUTOS = YES_AGGRESSIVE;
				GCC_WARN_UNUSED_FUNCTION = YES;
				GCC_WARN_UNUSED_VARIABLE = YES;
				MACOSX_DEPLOYMENT_TARGET = 10.14;
				MTL_ENABLE_DEBUG_INFO = NO;
				MTL_FAST_MATH = YES;
				SDKROOT = macosx;
			};
			name = Release;
		};
		82349FA22320151300BB354F /* Debug */ = {
			isa = XCBuildConfiguration;
			buildSettings = {
				CODE_SIGN_STYLE = Automatic;
				PRODUCT_NAME = "$(TARGET_NAME)";
			};
			name = Debug;
		};
		82349FA32320151300BB354F /* Release */ = {
			isa = XCBuildConfiguration;
			buildSettings = {
				CODE_SIGN_STYLE = Automatic;
				PRODUCT_NAME = "$(TARGET_NAME)";
			};
			name = Release;
		};
/* End XCBuildConfiguration section */

/* Begin XCConfigurationList section */
		82349F952320151300BB354F /* Build configuration list for PBXProject "midTermTest" */ = {
			isa = XCConfigurationList;
			buildConfigurations = (
				82349F9F2320151300BB354F /* Debug */,
				82349FA02320151300BB354F /* Release */,
			);
			defaultConfigurationIsVisible = 0;
			defaultConfigurationName = Release;
		};
		82349FA12320151300BB354F /* Build configuration list for PBXNativeTarget "midTermTest" */ = {
			isa = XCConfigurationList;
			buildConfigurations = (
				82349FA22320151300BB354F /* Debug */,
				82349FA32320151300BB354F /* Release */,
			);
			defaultConfigurationIsVisible = 0;
			defaultConfigurationName = Release;
		};
/* End XCConfigurationList section */
	};
	rootObject = 82349F922320151300BB354F /* Project object */;
}
